
Microsoft Visual Studio Solution File, Format Version 12.00
# Visual Studio Version 17
VisualStudioVersion = 17.12.35707.178 d17.12
MinimumVisualStudioVersion = 10.0.40219.1
Project("{FAE04EC0-301F-11D3-BF4B-00C04F79EFBC}") = "ComparableLibrary", "ComparableLibrary\ComparableLibrary.csproj", "{101F4F06-8E23-41F1-9034-E5090CB02514}"
EndProject
Project("{FAE04EC0-301F-11D3-BF4B-00C04F79EFBC}") = "ComparableLibraryTest", "ComparableLibraryTest\ComparableLibraryTest.csproj", "{FEF331C2-233C-4BD4-9F48-8543F4F1A088}"
EndProject
Global
	GlobalSection(SolutionConfigurationPlatforms) = preSolution
		Debug|Any CPU = Debug|Any CPU
		Release|Any CPU = Release|Any CPU
	EndGlobalSection
	GlobalSection(ProjectConfigurationPlatforms) = postSolution
		{101F4F06-8E23-41F1-9034-E5090CB02514}.Debug|Any CPU.ActiveCfg = Debug|Any CPU
		{101F4F06-8E23-41F1-9034-E5090CB02514}.Debug|Any CPU.Build.0 = Debug|Any CPU
		{101F4F06-8E23-41F1-9034-E5090CB02514}.Release|Any CPU.ActiveCfg = Release|Any CPU
		{101F4F06-8E23-41F1-9034-E5090CB02514}.Release|Any CPU.Build.0 = Release|Any CPU
		{FEF331C2-233C-4BD4-9F48-8543F4F1A088}.Debug|Any CPU.ActiveCfg = Debug|Any CPU
		{FEF331C2-233C-4BD4-9F48-8543F4F1A088}.Debug|Any CPU.Build.0 = Debug|Any CPU
		{FEF331C2-233C-4BD4-9F48-8543F4F1A088}.Release|Any CPU.ActiveCfg = Release|Any CPU
		{FEF331C2-233C-4BD4-9F48-8543F4F1A088}.Release|Any CPU.Build.0 = Release|Any CPU
	EndGlobalSection
	GlobalSection(SolutionProperties) = preSolution
		HideSolutionNode = FALSE
	EndGlobalSection
EndGlobal
